
Microsoft Visual Studio Solution File, Format Version 12.00
# Visual Studio Version 16
VisualStudioVersion = 16.0.31702.278
MinimumVisualStudioVersion = 10.0.40219.1
Project("{FAE04EC0-301F-11D3-BF4B-00C04F79EFBC}") = "CodingPracticeAssignment2", "CodingPracticeAssignment2.csproj", "{A26525E4-E26E-41D7-9FAB-E71FCC27806D}"
EndProject
Global
	GlobalSection(SolutionConfigurationPlatforms) = preSolution
		Debug|Any CPU = Debug|Any CPU
		Release|Any CPU = Release|Any CPU
	EndGlobalSection
	GlobalSection(ProjectConfigurationPlatforms) = postSolution
		{A26525E4-E26E-41D7-9FAB-E71FCC27806D}.Debug|Any CPU.ActiveCfg = Debug|Any CPU
		{A26525E4-E26E-41D7-9FAB-E71FCC27806D}.Debug|Any CPU.Build.0 = Debug|Any CPU
		{A26525E4-E26E-41D7-9FAB-E71FCC27806D}.Release|Any CPU.ActiveCfg = Release|Any CPU
		{A26525E4-E26E-41D7-9FAB-E71FCC27806D}.Release|Any CPU.Build.0 = Release|Any CPU
	EndGlobalSection
	GlobalSection(SolutionProperties) = preSolution
		HideSolutionNode = FALSE
	EndGlobalSection
	GlobalSection(ExtensibilityGlobals) = postSolution
		SolutionGuid = {0B98D24B-421A-4FF6-8C1D-8D4AB4363F80}
	EndGlobalSection
EndGlobal
