
Microsoft Visual Studio Solution File, Format Version 12.00
# Visual Studio Version 16
VisualStudioVersion = 16.0.31702.278
MinimumVisualStudioVersion = 10.0.40219.1
Project("{FAE04EC0-301F-11D3-BF4B-00C04F79EFBC}") = "Counting", "Counting\Counting.csproj", "{A46D5A77-8BDA-4A6A-B39A-C5EB07017BEE}"
EndProject
Global
	GlobalSection(SolutionConfigurationPlatforms) = preSolution
		Debug|Any CPU = Debug|Any CPU
		Release|Any CPU = Release|Any CPU
	EndGlobalSection
	GlobalSection(ProjectConfigurationPlatforms) = postSolution
		{A46D5A77-8BDA-4A6A-B39A-C5EB07017BEE}.Debug|Any CPU.ActiveCfg = Debug|Any CPU
		{A46D5A77-8BDA-4A6A-B39A-C5EB07017BEE}.Debug|Any CPU.Build.0 = Debug|Any CPU
		{A46D5A77-8BDA-4A6A-B39A-C5EB07017BEE}.Release|Any CPU.ActiveCfg = Release|Any CPU
		{A46D5A77-8BDA-4A6A-B39A-C5EB07017BEE}.Release|Any CPU.Build.0 = Release|Any CPU
	EndGlobalSection
	GlobalSection(SolutionProperties) = preSolution
		HideSolutionNode = FALSE
	EndGlobalSection
	GlobalSection(ExtensibilityGlobals) = postSolution
		SolutionGuid = {4EDCFFFC-EB6E-4553-89B7-2D4AFFE20BF4}
	EndGlobalSection
EndGlobal
