
Microsoft Visual Studio Solution File, Format Version 12.00
# Visual Studio Version 16
VisualStudioVersion = 16.0.31702.278
MinimumVisualStudioVersion = 10.0.40219.1
Project("{FAE04EC0-301F-11D3-BF4B-00C04F79EFBC}") = "ProcessInvoices", "ProcessInvoices\ProcessInvoices.csproj", "{B6689C56-351C-40FE-935C-DC0C7039570A}"
EndProject
Global
	GlobalSection(SolutionConfigurationPlatforms) = preSolution
		Debug|Any CPU = Debug|Any CPU
		Release|Any CPU = Release|Any CPU
	EndGlobalSection
	GlobalSection(ProjectConfigurationPlatforms) = postSolution
		{B6689C56-351C-40FE-935C-DC0C7039570A}.Debug|Any CPU.ActiveCfg = Debug|Any CPU
		{B6689C56-351C-40FE-935C-DC0C7039570A}.Debug|Any CPU.Build.0 = Debug|Any CPU
		{B6689C56-351C-40FE-935C-DC0C7039570A}.Release|Any CPU.ActiveCfg = Release|Any CPU
		{B6689C56-351C-40FE-935C-DC0C7039570A}.Release|Any CPU.Build.0 = Release|Any CPU
	EndGlobalSection
	GlobalSection(SolutionProperties) = preSolution
		HideSolutionNode = FALSE
	EndGlobalSection
	GlobalSection(ExtensibilityGlobals) = postSolution
		SolutionGuid = {416C5E11-8AAB-4BE9-9EF8-5C27F1E36C0F}
	EndGlobalSection
EndGlobal
