
Microsoft Visual Studio Solution File, Format Version 12.00
# Visual Studio Version 16
VisualStudioVersion = 16.0.31702.278
MinimumVisualStudioVersion = 10.0.40219.1
Project("{FAE04EC0-301F-11D3-BF4B-00C04F79EFBC}") = "Basic_Inheritance", "Basic_Inheritance.csproj", "{88DD8968-8C35-480B-8EA5-4A953C73AF9A}"
EndProject
Global
	GlobalSection(SolutionConfigurationPlatforms) = preSolution
		Debug|Any CPU = Debug|Any CPU
		Release|Any CPU = Release|Any CPU
	EndGlobalSection
	GlobalSection(ProjectConfigurationPlatforms) = postSolution
		{88DD8968-8C35-480B-8EA5-4A953C73AF9A}.Debug|Any CPU.ActiveCfg = Debug|Any CPU
		{88DD8968-8C35-480B-8EA5-4A953C73AF9A}.Debug|Any CPU.Build.0 = Debug|Any CPU
		{88DD8968-8C35-480B-8EA5-4A953C73AF9A}.Release|Any CPU.ActiveCfg = Release|Any CPU
		{88DD8968-8C35-480B-8EA5-4A953C73AF9A}.Release|Any CPU.Build.0 = Release|Any CPU
	EndGlobalSection
	GlobalSection(SolutionProperties) = preSolution
		HideSolutionNode = FALSE
	EndGlobalSection
	GlobalSection(ExtensibilityGlobals) = postSolution
		SolutionGuid = {A4EEFF1C-A160-4A8E-B2E9-73DC2AA92C76}
	EndGlobalSection
EndGlobal
