
Microsoft Visual Studio Solution File, Format Version 12.00
# Visual Studio Version 16
VisualStudioVersion = 16.0.31702.278
MinimumVisualStudioVersion = 10.0.40219.1
Project("{FAE04EC0-301F-11D3-BF4B-00C04F79EFBC}") = "Lesson10HandsOnNamespaces", "Lesson10HandsOnNamespaces.csproj", "{FA2F6262-7160-4CFA-A0E4-8CB2C8964B46}"
EndProject
Global
	GlobalSection(SolutionConfigurationPlatforms) = preSolution
		Debug|Any CPU = Debug|Any CPU
		Release|Any CPU = Release|Any CPU
	EndGlobalSection
	GlobalSection(ProjectConfigurationPlatforms) = postSolution
		{FA2F6262-7160-4CFA-A0E4-8CB2C8964B46}.Debug|Any CPU.ActiveCfg = Debug|Any CPU
		{FA2F6262-7160-4CFA-A0E4-8CB2C8964B46}.Debug|Any CPU.Build.0 = Debug|Any CPU
		{FA2F6262-7160-4CFA-A0E4-8CB2C8964B46}.Release|Any CPU.ActiveCfg = Release|Any CPU
		{FA2F6262-7160-4CFA-A0E4-8CB2C8964B46}.Release|Any CPU.Build.0 = Release|Any CPU
	EndGlobalSection
	GlobalSection(SolutionProperties) = preSolution
		HideSolutionNode = FALSE
	EndGlobalSection
	GlobalSection(ExtensibilityGlobals) = postSolution
		SolutionGuid = {4E9B6868-60DB-4192-BD17-A5171F006E4A}
	EndGlobalSection
EndGlobal
