
Microsoft Visual Studio Solution File, Format Version 12.00
# Visual Studio Version 16
VisualStudioVersion = 16.0.31702.278
MinimumVisualStudioVersion = 10.0.40219.1
Project("{FAE04EC0-301F-11D3-BF4B-00C04F79EFBC}") = "Lesson_8_Hands_On_Practice_Interface", "Lesson_8_Hands_On_Practice_Interface.csproj", "{55B71254-BDEB-48B5-B661-8590ADE275F8}"
EndProject
Global
	GlobalSection(SolutionConfigurationPlatforms) = preSolution
		Debug|Any CPU = Debug|Any CPU
		Release|Any CPU = Release|Any CPU
	EndGlobalSection
	GlobalSection(ProjectConfigurationPlatforms) = postSolution
		{55B71254-BDEB-48B5-B661-8590ADE275F8}.Debug|Any CPU.ActiveCfg = Debug|Any CPU
		{55B71254-BDEB-48B5-B661-8590ADE275F8}.Debug|Any CPU.Build.0 = Debug|Any CPU
		{55B71254-BDEB-48B5-B661-8590ADE275F8}.Release|Any CPU.ActiveCfg = Release|Any CPU
		{55B71254-BDEB-48B5-B661-8590ADE275F8}.Release|Any CPU.Build.0 = Release|Any CPU
	EndGlobalSection
	GlobalSection(SolutionProperties) = preSolution
		HideSolutionNode = FALSE
	EndGlobalSection
	GlobalSection(ExtensibilityGlobals) = postSolution
		SolutionGuid = {F375EAA0-0662-4C40-AE53-F6D6753E0E14}
	EndGlobalSection
EndGlobal
