
Microsoft Visual Studio Solution File, Format Version 12.00
# Visual Studio Version 16
VisualStudioVersion = 16.0.31702.278
MinimumVisualStudioVersion = 10.0.40219.1
Project("{FAE04EC0-301F-11D3-BF4B-00C04F79EFBC}") = "DebuggingPractice", "DebuggingPractice\DebuggingPractice.csproj", "{74B868BC-880C-4619-9755-772D942812DF}"
EndProject
Global
	GlobalSection(SolutionConfigurationPlatforms) = preSolution
		Debug|Any CPU = Debug|Any CPU
		Release|Any CPU = Release|Any CPU
	EndGlobalSection
	GlobalSection(ProjectConfigurationPlatforms) = postSolution
		{74B868BC-880C-4619-9755-772D942812DF}.Debug|Any CPU.ActiveCfg = Debug|Any CPU
		{74B868BC-880C-4619-9755-772D942812DF}.Debug|Any CPU.Build.0 = Debug|Any CPU
		{74B868BC-880C-4619-9755-772D942812DF}.Release|Any CPU.ActiveCfg = Release|Any CPU
		{74B868BC-880C-4619-9755-772D942812DF}.Release|Any CPU.Build.0 = Release|Any CPU
	EndGlobalSection
	GlobalSection(SolutionProperties) = preSolution
		HideSolutionNode = FALSE
	EndGlobalSection
	GlobalSection(ExtensibilityGlobals) = postSolution
		SolutionGuid = {A57B15E0-9606-486A-A652-D8A5EBB44A37}
	EndGlobalSection
EndGlobal
