
Microsoft Visual Studio Solution File, Format Version 12.00
# Visual Studio Version 16
VisualStudioVersion = 16.0.31702.278
MinimumVisualStudioVersion = 10.0.40219.1
Project("{FAE04EC0-301F-11D3-BF4B-00C04F79EFBC}") = "EmployeePractice", "EmployeePractice\EmployeePractice.csproj", "{81F81BAD-2DA5-4B44-85CA-862A7A2585FC}"
EndProject
Global
	GlobalSection(SolutionConfigurationPlatforms) = preSolution
		Debug|Any CPU = Debug|Any CPU
		Release|Any CPU = Release|Any CPU
	EndGlobalSection
	GlobalSection(ProjectConfigurationPlatforms) = postSolution
		{81F81BAD-2DA5-4B44-85CA-862A7A2585FC}.Debug|Any CPU.ActiveCfg = Debug|Any CPU
		{81F81BAD-2DA5-4B44-85CA-862A7A2585FC}.Debug|Any CPU.Build.0 = Debug|Any CPU
		{81F81BAD-2DA5-4B44-85CA-862A7A2585FC}.Release|Any CPU.ActiveCfg = Release|Any CPU
		{81F81BAD-2DA5-4B44-85CA-862A7A2585FC}.Release|Any CPU.Build.0 = Release|Any CPU
	EndGlobalSection
	GlobalSection(SolutionProperties) = preSolution
		HideSolutionNode = FALSE
	EndGlobalSection
	GlobalSection(ExtensibilityGlobals) = postSolution
		SolutionGuid = {39F22E3E-4F3E-456E-94FC-17EE90E6FA8D}
	EndGlobalSection
EndGlobal
