
Microsoft Visual Studio Solution File, Format Version 12.00
# Visual Studio Version 16
VisualStudioVersion = 16.0.31702.278
MinimumVisualStudioVersion = 10.0.40219.1
Project("{FAE04EC0-301F-11D3-BF4B-00C04F79EFBC}") = "CountYourLetters", "CountYourLetters\CountYourLetters.csproj", "{2758A82C-10C1-41CA-B50F-4973CAF7D6B3}"
EndProject
Global
	GlobalSection(SolutionConfigurationPlatforms) = preSolution
		Debug|Any CPU = Debug|Any CPU
		Release|Any CPU = Release|Any CPU
	EndGlobalSection
	GlobalSection(ProjectConfigurationPlatforms) = postSolution
		{2758A82C-10C1-41CA-B50F-4973CAF7D6B3}.Debug|Any CPU.ActiveCfg = Debug|Any CPU
		{2758A82C-10C1-41CA-B50F-4973CAF7D6B3}.Debug|Any CPU.Build.0 = Debug|Any CPU
		{2758A82C-10C1-41CA-B50F-4973CAF7D6B3}.Release|Any CPU.ActiveCfg = Release|Any CPU
		{2758A82C-10C1-41CA-B50F-4973CAF7D6B3}.Release|Any CPU.Build.0 = Release|Any CPU
	EndGlobalSection
	GlobalSection(SolutionProperties) = preSolution
		HideSolutionNode = FALSE
	EndGlobalSection
	GlobalSection(ExtensibilityGlobals) = postSolution
		SolutionGuid = {A785334A-A8D4-48BB-896A-612D53758CD0}
	EndGlobalSection
EndGlobal
