
Microsoft Visual Studio Solution File, Format Version 12.00
# Visual Studio Version 16
VisualStudioVersion = 16.0.31702.278
MinimumVisualStudioVersion = 10.0.40219.1
Project("{FAE04EC0-301F-11D3-BF4B-00C04F79EFBC}") = "Lesson_9_Hands_On_Debugging", "Lesson_9_Hands_On_Debugging.csproj", "{2C2396F9-AE4D-4C40-B338-D3D151E3B897}"
EndProject
Global
	GlobalSection(SolutionConfigurationPlatforms) = preSolution
		Debug|Any CPU = Debug|Any CPU
		Release|Any CPU = Release|Any CPU
	EndGlobalSection
	GlobalSection(ProjectConfigurationPlatforms) = postSolution
		{2C2396F9-AE4D-4C40-B338-D3D151E3B897}.Debug|Any CPU.ActiveCfg = Debug|Any CPU
		{2C2396F9-AE4D-4C40-B338-D3D151E3B897}.Debug|Any CPU.Build.0 = Debug|Any CPU
		{2C2396F9-AE4D-4C40-B338-D3D151E3B897}.Release|Any CPU.ActiveCfg = Release|Any CPU
		{2C2396F9-AE4D-4C40-B338-D3D151E3B897}.Release|Any CPU.Build.0 = Release|Any CPU
	EndGlobalSection
	GlobalSection(SolutionProperties) = preSolution
		HideSolutionNode = FALSE
	EndGlobalSection
	GlobalSection(ExtensibilityGlobals) = postSolution
		SolutionGuid = {6B8DA15D-D430-41D0-BBB5-E98CCE54379F}
	EndGlobalSection
EndGlobal
